
Microsoft Visual Studio Solution File, Format Version 12.00
# Visual Studio 15
VisualStudioVersion = 15.0.27428.1
MinimumVisualStudioVersion = 10.0.40219.1
Project("{FAE04EC0-301F-11D3-BF4B-00C04F79EFBC}") = "AESConverter", "AESConverter\AESConverter.csproj", "{F441A45F-E83C-4093-A29F-782C3AB6AF60}"
EndProject
Global
	GlobalSection(SolutionConfigurationPlatforms) = preSolution
		Debug|Any CPU = Debug|Any CPU
		Release|Any CPU = Release|Any CPU
	EndGlobalSection
	GlobalSection(ProjectConfigurationPlatforms) = postSolution
		{F441A45F-E83C-4093-A29F-782C3AB6AF60}.Debug|Any CPU.ActiveCfg = Debug|Any CPU
		{F441A45F-E83C-4093-A29F-782C3AB6AF60}.Debug|Any CPU.Build.0 = Debug|Any CPU
		{F441A45F-E83C-4093-A29F-782C3AB6AF60}.Release|Any CPU.ActiveCfg = Release|Any CPU
		{F441A45F-E83C-4093-A29F-782C3AB6AF60}.Release|Any CPU.Build.0 = Release|Any CPU
	EndGlobalSection
	GlobalSection(SolutionProperties) = preSolution
		HideSolutionNode = FALSE
	EndGlobalSection
	GlobalSection(ExtensibilityGlobals) = postSolution
		SolutionGuid = {217CFD03-7858-41E3-834D-339247AC4657}
	EndGlobalSection
EndGlobal
